
Microsoft Visual Studio Solution File, Format Version 12.00
# Visual Studio Version 16
VisualStudioVersion = 16.0.30320.27
MinimumVisualStudioVersion = 10.0.40219.1
Project("{FAE04EC0-301F-11D3-BF4B-00C04F79EFBC}") = "BetaMart", "BetaMart\BetaMart.csproj", "{F79F40CD-AE6F-4ECF-9F5D-DACABBD905BB}"
EndProject
Global
	GlobalSection(SolutionConfigurationPlatforms) = preSolution
		Debug|Any CPU = Debug|Any CPU
		Release|Any CPU = Release|Any CPU
	EndGlobalSection
	GlobalSection(ProjectConfigurationPlatforms) = postSolution
		{F79F40CD-AE6F-4ECF-9F5D-DACABBD905BB}.Debug|Any CPU.ActiveCfg = Debug|Any CPU
		{F79F40CD-AE6F-4ECF-9F5D-DACABBD905BB}.Debug|Any CPU.Build.0 = Debug|Any CPU
		{F79F40CD-AE6F-4ECF-9F5D-DACABBD905BB}.Release|Any CPU.ActiveCfg = Release|Any CPU
		{F79F40CD-AE6F-4ECF-9F5D-DACABBD905BB}.Release|Any CPU.Build.0 = Release|Any CPU
	EndGlobalSection
	GlobalSection(SolutionProperties) = preSolution
		HideSolutionNode = FALSE
	EndGlobalSection
	GlobalSection(ExtensibilityGlobals) = postSolution
		SolutionGuid = {F17048B7-77B9-4D99-8C3D-DFD622833EFD}
	EndGlobalSection
EndGlobal
